PODS:
  - Google-Mobile-Ads-SDK (7.37.0)

DEPENDENCIES:
  - Google-Mobile-Ads-SDK

SPEC REPOS:
  https://github.com/cocoapods/specs.git:
    - Google-Mobile-Ads-SDK

SPEC CHECKSUMS:
  Google-Mobile-Ads-SDK: d028682d7450749a1955679da050eaf70d997b3e

PODFILE CHECKSUM: e751c3a3970ea4f0fdcfa15d8d9ed4c05dc01fe2

COCOAPODS: 1.5.3
