// !$*UTF8*$!
{
	archiveVersion = 1;
	classes = {
	};
	objectVersion = 46;
	objects = {

/* Begin PBXBuildFile section */
		5EACC4D31F72060100C4E796 /* main.m in Sources */ = {isa = PBXBuildFile; fileRef = 5EACC4D21F72060100C4E796 /* main.m */; };
		5EACC4D61F72060100C4E796 /* AppDelegate.m in Sources */ = {isa = PBXBuildFile; fileRef = 5EACC4D51F72060100C4E796 /* AppDelegate.m */; };
		5EACC4D91F72060100C4E796 /* ViewController.m in Sources */ = {isa = PBXBuildFile; fileRef = 5EACC4D81F72060100C4E796 /* ViewController.m */; };
		5EACC4DC1F72060100C4E796 /* Main.storyboard in Resources */ = {isa = PBXBuildFile; fileRef = 5EACC4DA1F72060100C4E796 /* Main.storyboard */; };
		5EACC4DE1F72060100C4E796 /* Assets.xcassets in Resources */ = {isa = PBXBuildFile; fileRef = 5EACC4DD1F72060100C4E796 /* Assets.xcassets */; };
		5EACC4E11F72060100C4E796 /* LaunchScreen.storyboard in Resources */ = {isa = PBXBuildFile; fileRef = 5EACC4DF1F72060100C4E796 /* LaunchScreen.storyboard */; };
		5EACC4EC1F7206E500C4E796 /* SWDrawerViewController.m in Sources */ = {isa = PBXBuildFile; fileRef = 5EACC4EB1F7206E500C4E796 /* SWDrawerViewController.m */; };
/* End PBXBuildFile section */

/* Begin PBXFileReference section */
		5EACC4CE1F72060100C4E796 /* SWMyDecorationBook.app */ = {isa = PBXFileReference; explicitFileType = wrapper.application; includeInIndex = 0; path = SWMyDecorationBook.app; sourceTree = BUILT_PRODUCTS_DIR; };
		5EACC4D21F72060100C4E796 /* main.m */ = {isa = PBXFileReference; lastKnownFileType = sourcecode.c.objc; path = main.m; sourceTree = "<group>"; };
		5EACC4D41F72060100C4E796 /* AppDelegate.h */ = {isa = PBXFileReference; lastKnownFileType = sourcecode.c.h; path = AppDelegate.h; sourceTree = "<group>"; };
		5EACC4D51F72060100C4E796 /* AppDelegate.m */ = {isa = PBXFileReference; lastKnownFileType = sourcecode.c.objc; path = AppDelegate.m; sourceTree = "<group>"; };
		5EACC4D71F72060100C4E796 /* ViewController.h */ = {isa = PBXFileReference; lastKnownFileType = sourcecode.c.h; path = ViewController.h; sourceTree = "<group>"; };
		5EACC4D81F72060100C4E796 /* ViewController.m */ = {isa = PBXFileReference; lastKnownFileType = sourcecode.c.objc; path = ViewController.m; sourceTree = "<group>"; };
		5EACC4DB1F72060100C4E796 /* Base */ = {isa = PBXFileReference; lastKnownFileType = file.storyboard; name = Base; path = Base.lproj/Main.storyboard; sourceTree = "<group>"; };
		5EACC4DD1F72060100C4E796 /* Assets.xcassets */ = {isa = PBXFileReference; lastKnownFileType = folder.assetcatalog; path = Assets.xcassets; sourceTree = "<group>"; };
		5EACC4E01F72060100C4E796 /* Base */ = {isa = PBXFileReference; lastKnownFileType = file.storyboard; name = Base; path = Base.lproj/LaunchScreen.storyboard; sourceTree = "<group>"; };
		5EACC4E21F72060100C4E796 /* Info.plist */ = {isa = PBXFileReference; lastKnownFileType = text.plist.xml; path = Info.plist; sourceTree = "<group>"; };
		5EACC4EA1F7206E500C4E796 /* SWDrawerViewController.h */ = {isa = PBXFileReference; fileEncoding = 4; lastKnownFileType = sourcecode.c.h; name = SWDrawerViewController.h; path = "Common Tools/UI/SWDrawerViewController.h"; sourceTree = "<group>"; };
		5EACC4EB1F7206E500C4E796 /* SWDrawerViewController.m */ = {isa = PBXFileReference; fileEncoding = 4; lastKnownFileType = sourcecode.c.objc; name = SWDrawerViewController.m; path = "Common Tools/UI/SWDrawerViewController.m"; sourceTree = "<group>"; };
/* End PBXFileReference section */

/* Begin PBXFrameworksBuildPhase section */
		5EACC4CB1F72060100C4E796 /* Frameworks */ = {
			isa = PBXFrameworksBuildPhase;
			buildActionMask = 2147483647;
			files = (
			);
			runOnlyForDeploymentPostprocessing = 0;
		};
/* End PBXFrameworksBuildPhase section */

/* Begin PBXGroup section */
		5EACC4C51F72060100C4E796 = {
			isa = PBXGroup;
			children = (
				5EACC4D01F72060100C4E796 /* SWMyDecorationBook */,
				5EACC4CF1F72060100C4E796 /* Products */,
			);
			sourceTree = "<group>";
		};
		5EACC4CF1F72060100C4E796 /* Products */ = {
			isa = PBXGroup;
			children = (
				5EACC4CE1F72060100C4E796 /* SWMyDecorationBook.app */,
			);
			name = Products;
			sourceTree = "<group>";
		};
		5EACC4D01F72060100C4E796 /* SWMyDecorationBook */ = {
			isa = PBXGroup;
			children = (
				5EACC4E81F72067F00C4E796 /* Common Tools */,
				5EACC4D41F72060100C4E796 /* AppDelegate.h */,
				5EACC4D51F72060100C4E796 /* AppDelegate.m */,
				5EACC4D71F72060100C4E796 /* ViewController.h */,
				5EACC4D81F72060100C4E796 /* ViewController.m */,
				5EACC4DA1F72060100C4E796 /* Main.storyboard */,
				5EACC4DD1F72060100C4E796 /* Assets.xcassets */,
				5EACC4DF1F72060100C4E796 /* LaunchScreen.storyboard */,
				5EACC4E21F72060100C4E796 /* Info.plist */,
				5EACC4D11F72060100C4E796 /* Supporting Files */,
			);
			path = SWMyDecorationBook;
			sourceTree = "<group>";
		};
		5EACC4D11F72060100C4E796 /* Supporting Files */ = {
			isa = PBXGroup;
			children = (
				5EACC4D21F72060100C4E796 /* main.m */,
			);
			name = "Supporting Files";
			sourceTree = "<group>";
		};
		5EACC4E81F72067F00C4E796 /* Common Tools */ = {
			isa = PBXGroup;
			children = (
				5EACC4E91F72069D00C4E796 /* UI */,
			);
			name = "Common Tools";
			sourceTree = "<group>";
		};
		5EACC4E91F72069D00C4E796 /* UI */ = {
			isa = PBXGroup;
			children = (
				5EACC4EA1F7206E500C4E796 /* SWDrawerViewController.h */,
				5EACC4EB1F7206E500C4E796 /* SWDrawerViewController.m */,
			);
			name = UI;
			sourceTree = "<group>";
		};
/* End PBXGroup section */

/* Begin PBXNativeTarget section */
		5EACC4CD1F72060100C4E796 /* SWMyDecorationBook */ = {
			isa = PBXNativeTarget;
			buildConfigurationList = 5EACC4E51F72060100C4E796 /* Build configuration list for PBXNativeTarget "SWMyDecorationBook" */;
			buildPhases = (
				5EACC4CA1F72060100C4E796 /* Sources */,
				5EACC4CB1F72060100C4E796 /* Frameworks */,
				5EACC4CC1F72060100C4E796 /* Resources */,
			);
			buildRules = (
			);
			dependencies = (
			);
			name = SWMyDecorationBook;
			productName = SWMyDecorationBook;
			productReference = 5EACC4CE1F72060100C4E796 /* SWMyDecorationBook.app */;
			productType = "com.apple.product-type.application";
		};
/* End PBXNativeTarget section */

/* Begin PBXProject section */
		5EACC4C61F72060100C4E796 /* Project object */ = {
			isa = PBXProject;
			attributes = {
				CLASSPREFIX = SW;
				LastUpgradeCheck = 0830;
				ORGANIZATIONNAME = Eren;
				TargetAttributes = {
					5EACC4CD1F72060100C4E796 = {
						CreatedOnToolsVersion = 8.3.3;
						DevelopmentTeam = 5R9SGW2R35;
						ProvisioningStyle = Automatic;
					};
				};
			};
			buildConfigurationList = 5EACC4C91F72060100C4E796 /* Build configuration list for PBXProject "SWMyDecorationBook" */;
			compatibilityVersion = "Xcode 3.2";
			developmentRegion = English;
			hasScannedForEncodings = 0;
			knownRegions = (
				en,
				Base,
			);
			mainGroup = 5EACC4C51F72060100C4E796;
			productRefGroup = 5EACC4CF1F72060100C4E796 /* Products */;
			projectDirPath = "";
			projectRoot = "";
			targets = (
				5EACC4CD1F72060100C4E796 /* SWMyDecorationBook */,
			);
		};
/* End PBXProject section */

/* Begin PBXResourcesBuildPhase section */
		5EACC4CC1F72060100C4E796 /* Resources */ = {
			isa = PBXResourcesBuildPhase;
			buildActionMask = 2147483647;
			files = (
				5EACC4E11F72060100C4E796 /* LaunchScreen.storyboard in Resources */,
				5EACC4DE1F72060100C4E796 /* Assets.xcassets in Resources */,
				5EACC4DC1F72060100C4E796 /* Main.storyboard in Resources */,
			);
			runOnlyForDeploymentPostprocessing = 0;
		};
/* End PBXResourcesBuildPhase section */

/* Begin PBXSourcesBuildPhase section */
		5EACC4CA1F72060100C4E796 /* Sources */ = {
			isa = PBXSourcesBuildPhase;
			buildActionMask = 2147483647;
			files = (
				5EACC4D91F72060100C4E796 /* ViewController.m in Sources */,
				5EACC4EC1F7206E500C4E796 /* SWDrawerViewController.m in Sources */,
				5EACC4D61F72060100C4E796 /* AppDelegate.m in Sources */,
				5EACC4D31F72060100C4E796 /* main.m in Sources */,
			);
			runOnlyForDeploymentPostprocessing = 0;
		};
/* End PBXSourcesBuildPhase section */

/* Begin PBXVariantGroup section */
		5EACC4DA1F72060100C4E796 /* Main.storyboard */ = {
			isa = PBXVariantGroup;
			children = (
				5EACC4DB1F72060100C4E796 /* Base */,
			);
			name = Main.storyboard;
			sourceTree = "<group>";
		};
		5EACC4DF1F72060100C4E796 /* LaunchScreen.storyboard */ = {
			isa = PBXVariantGroup;
			children = (
				5EACC4E01F72060100C4E796 /* Base */,
			);
			name = LaunchScreen.storyboard;
			sourceTree = "<group>";
		};
/* End PBXVariantGroup section */

/* Begin XCBuildConfiguration section */
		5EACC4E31F72060100C4E796 /* Debug */ = {
			isa = XCBuildConfiguration;
			buildSettings = {
				ALWAYS_SEARCH_USER_PATHS = NO;
				CLANG_ANALYZER_NONNULL = YES;
				CLANG_ANALYZER_NUMBER_OBJECT_CONVERSION = YES_AGGRESSIVE;
				CLANG_CXX_LANGUAGE_STANDARD = "gnu++0x";
				CLANG_CXX_LIBRARY = "libc++";
				CLANG_ENABLE_MODULES = YES;
				CLANG_ENABLE_OBJC_ARC = YES;
				CLANG_WARN_BOOL_CONVERSION = YES;
				CLANG_WARN_CONSTANT_CONVERSION = YES;
				CLANG_WARN_DIRECT_OBJC_ISA_USAGE = YES_ERROR;
				CLANG_WARN_DOCUMENTATION_COMMENTS = YES;
				CLANG_WARN_EMPTY_BODY = YES;
				CLANG_WARN_ENUM_CONVERSION = YES;
				CLANG_WARN_INFINITE_RECURSION = YES;
				CLANG_WARN_INT_CONVERSION = YES;
				CLANG_WARN_OBJC_ROOT_CLASS = YES_ERROR;
				CLANG_WARN_SUSPICIOUS_MOVE = YES;
				CLANG_WARN_UNREACHABLE_CODE = YES;
				CLANG_WARN__DUPLICATE_METHOD_MATCH = YES;
				"CODE_SIGN_IDENTITY[sdk=iphoneos*]" = "iPhone Developer";
				COPY_PHASE_STRIP = NO;
				DEBUG_INFORMATION_FORMAT = dwarf;
				ENABLE_STRICT_OBJC_MSGSEND = YES;
				ENABLE_TESTABILITY = YES;
				GCC_C_LANGUAGE_STANDARD = gnu99;
				GCC_DYNAMIC_NO_PIC = NO;
				GCC_NO_COMMON_BLOCKS = YES;
				GCC_OPTIMIZATION_LEVEL = 0;
				GCC_PREPROCESSOR_DEFINITIONS = (
					"DEBUG=1",
					"$(inherited)",
				);
				GCC_WARN_64_TO_32_BIT_CONVERSION = YES;
				GCC_WARN_ABOUT_RETURN_TYPE = YES_ERROR;
				GCC_WARN_UNDECLARED_SELECTOR = YES;
				GCC_WARN_UNINITIALIZED_AUTOS = YES_AGGRESSIVE;
				GCC_WARN_UNUSED_FUNCTION = YES;
				GCC_WARN_UNUSED_VARIABLE = YES;
				IPHONEOS_DEPLOYMENT_TARGET = 10.3;
				MTL_ENABLE_DEBUG_INFO = YES;
				ONLY_ACTIVE_ARCH = YES;
				SDKROOT = iphoneos;
				TARGETED_DEVICE_FAMILY = "1,2";
			};
			name = Debug;
		};
		5EACC4E41F72060100C4E796 /* Release */ = {
			isa = XCBuildConfiguration;
			buildSettings = {
				ALWAYS_SEARCH_USER_PATHS = NO;
				CLANG_ANALYZER_NONNULL = YES;
				CLANG_ANALYZER_NUMBER_OBJECT_CONVERSION = YES_AGGRESSIVE;
				CLANG_CXX_LANGUAGE_STANDARD = "gnu++0x";
				CLANG_CXX_LIBRARY = "libc++";
				CLANG_ENABLE_MODULES = YES;
				CLANG_ENABLE_OBJC_ARC = YES;
				CLANG_WARN_BOOL_CONVERSION = YES;
				CLANG_WARN_CONSTANT_CONVERSION = YES;
				CLANG_WARN_DIRECT_OBJC_ISA_USAGE = YES_ERROR;
				CLANG_WARN_DOCUMENTATION_COMMENTS = YES;
				CLANG_WARN_EMPTY_BODY = YES;
				CLANG_WARN_ENUM_CONVERSION = YES;
				CLANG_WARN_INFINITE_RECURSION = YES;
				CLANG_WARN_INT_CONVERSION = YES;
				CLANG_WARN_OBJC_ROOT_CLASS = YES_ERROR;
				CLANG_WARN_SUSPICIOUS_MOVE = YES;
				CLANG_WARN_UNREACHABLE_CODE = YES;
				CLANG_WARN__DUPLICATE_METHOD_MATCH = YES;
				"CODE_SIGN_IDENTITY[sdk=iphoneos*]" = "iPhone Developer";
				COPY_PHASE_STRIP = NO;
				DEBUG_INFORMATION_FORMAT = "dwarf-with-dsym";
				ENABLE_NS_ASSERTIONS = NO;
				ENABLE_STRICT_OBJC_MSGSEND = YES;
				GCC_C_LANGUAGE_STANDARD = gnu99;
				GCC_NO_COMMON_BLOCKS = YES;
				GCC_WARN_64_TO_32_BIT_CONVERSION = YES;
				GCC_WARN_ABOUT_RETURN_TYPE = YES_ERROR;
				GCC_WARN_UNDECLARED_SELECTOR = YES;
				GCC_WARN_UNINITIALIZED_AUTOS = YES_AGGRESSIVE;
				GCC_WARN_UNUSED_FUNCTION = YES;
				GCC_WARN_UNUSED_VARIABLE = YES;
				IPHONEOS_DEPLOYMENT_TARGET = 10.3;
				MTL_ENABLE_DEBUG_INFO = NO;
				SDKROOT = iphoneos;
				TARGETED_DEVICE_FAMILY = "1,2";
				VALIDATE_PRODUCT = YES;
			};
			name = Release;
		};
		5EACC4E61F72060100C4E796 /* Debug */ = {
			isa = XCBuildConfiguration;
			buildSettings = {
				ASSETCATALOG_COMPILER_APPICON_NAME = AppIcon;
				DEVELOPMENT_TEAM = 5R9SGW2R35;
				INFOPLIST_FILE = SWMyDecorationBook/Info.plist;
				LD_RUNPATH_SEARCH_PATHS = "$(inherited) @executable_path/Frameworks";
				PRODUCT_BUNDLE_IDENTIFIER = com.eren.SWMyDecorationBook;
				PRODUCT_NAME = "$(TARGET_NAME)";
			};
			name = Debug;
		};
		5EACC4E71F72060100C4E796 /* Release */ = {
			isa = XCBuildConfiguration;
			buildSettings = {
				ASSETCATALOG_COMPILER_APPICON_NAME = AppIcon;
				DEVELOPMENT_TEAM = 5R9SGW2R35;
				INFOPLIST_FILE = SWMyDecorationBook/Info.plist;
				LD_RUNPATH_SEARCH_PATHS = "$(inherited) @executable_path/Frameworks";
				PRODUCT_BUNDLE_IDENTIFIER = com.eren.SWMyDecorationBook;
				PRODUCT_NAME = "$(TARGET_NAME)";
			};
			name = Release;
		};
/* End XCBuildConfiguration section */

/* Begin XCConfigurationList section */
		5EACC4C91F72060100C4E796 /* Build configuration list for PBXProject "SWMyDecorationBook" */ = {
			isa = XCConfigurationList;
			buildConfigurations = (
				5EACC4E31F72060100C4E796 /* Debug */,
				5EACC4E41F72060100C4E796 /* Release */,
			);
			defaultConfigurationIsVisible = 0;
			defaultConfigurationName = Release;
		};
		5EACC4E51F72060100C4E796 /* Build configuration list for PBXNativeTarget "SWMyDecorationBook" */ = {
			isa = XCConfigurationList;
			buildConfigurations = (
				5EACC4E61F72060100C4E796 /* Debug */,
				5EACC4E71F72060100C4E796 /* Release */,
			);
			defaultConfigurationIsVisible = 0;
		};
/* End XCConfigurationList section */
	};
	rootObject = 5EACC4C61F72060100C4E796 /* Project object */;
}
